
Microsoft Visual Studio Solution File, Format Version 12.00
# Visual Studio Version 17
VisualStudioVersion = 17.6.33815.320
MinimumVisualStudioVersion = 10.0.40219.1
Project("{FAE04EC0-301F-11D3-BF4B-00C04F79EFBC}") = "MiCalculadora", "MiCalculadora.csproj", "{CD6733FB-4271-41CB-8778-1AA57D0BFA82}"
EndProject
Project("{FAE04EC0-301F-11D3-BF4B-00C04F79EFBC}") = "Entidades", "..\Entidades\Entidades.csproj", "{1E0F04C5-7FDE-4F66-805C-7D334092902E}"
EndProject
Global
	GlobalSection(SolutionConfigurationPlatforms) = preSolution
		Debug|Any CPU = Debug|Any CPU
		Release|Any CPU = Release|Any CPU
	EndGlobalSection
	GlobalSection(ProjectConfigurationPlatforms) = postSolution
		{CD6733FB-4271-41CB-8778-1AA57D0BFA82}.Debug|Any CPU.ActiveCfg = Debug|Any CPU
		{CD6733FB-4271-41CB-8778-1AA57D0BFA82}.Debug|Any CPU.Build.0 = Debug|Any CPU
		{CD6733FB-4271-41CB-8778-1AA57D0BFA82}.Release|Any CPU.ActiveCfg = Release|Any CPU
		{CD6733FB-4271-41CB-8778-1AA57D0BFA82}.Release|Any CPU.Build.0 = Release|Any CPU
		{1E0F04C5-7FDE-4F66-805C-7D334092902E}.Debug|Any CPU.ActiveCfg = Debug|Any CPU
		{1E0F04C5-7FDE-4F66-805C-7D334092902E}.Debug|Any CPU.Build.0 = Debug|Any CPU
		{1E0F04C5-7FDE-4F66-805C-7D334092902E}.Release|Any CPU.ActiveCfg = Release|Any CPU
		{1E0F04C5-7FDE-4F66-805C-7D334092902E}.Release|Any CPU.Build.0 = Release|Any CPU
	EndGlobalSection
	GlobalSection(SolutionProperties) = preSolution
		HideSolutionNode = FALSE
	EndGlobalSection
	GlobalSection(ExtensibilityGlobals) = postSolution
		SolutionGuid = {9D564093-42D0-4848-B05B-E1CE5F6ED9A4}
	EndGlobalSection
EndGlobal
